
Microsoft Visual Studio Solution File, Format Version 12.00
# Visual Studio Version 17
VisualStudioVersion = 17.7.34024.191
MinimumVisualStudioVersion = 10.0.40219.1
Project("{8BC9CEB8-8B4A-11D0-8D11-00A0C91BC942}") = "CG_WarmingUp_1_7", "CG_WarmingUp_1_7\CG_WarmingUp_1_7.vcxproj", "{87163CC0-EAD9-4917-807A-6F24960BDA7F}"
EndProject
Global
	GlobalSection(SolutionConfigurationPlatforms) = preSolution
		Debug|x64 = Debug|x64
		Debug|x86 = Debug|x86
		Release|x64 = Release|x64
		Release|x86 = Release|x86
	EndGlobalSection
	GlobalSection(ProjectConfigurationPlatforms) = postSolution
		{87163CC0-EAD9-4917-807A-6F24960BDA7F}.Debug|x64.ActiveCfg = Debug|x64
		{87163CC0-EAD9-4917-807A-6F24960BDA7F}.Debug|x64.Build.0 = Debug|x64
		{87163CC0-EAD9-4917-807A-6F24960BDA7F}.Debug|x86.ActiveCfg = Debug|Win32
		{87163CC0-EAD9-4917-807A-6F24960BDA7F}.Debug|x86.Build.0 = Debug|Win32
		{87163CC0-EAD9-4917-807A-6F24960BDA7F}.Release|x64.ActiveCfg = Release|x64
		{87163CC0-EAD9-4917-807A-6F24960BDA7F}.Release|x64.Build.0 = Release|x64
		{87163CC0-EAD9-4917-807A-6F24960BDA7F}.Release|x86.ActiveCfg = Release|Win32
		{87163CC0-EAD9-4917-807A-6F24960BDA7F}.Release|x86.Build.0 = Release|Win32
	EndGlobalSection
	GlobalSection(SolutionProperties) = preSolution
		HideSolutionNode = FALSE
	EndGlobalSection
	GlobalSection(ExtensibilityGlobals) = postSolution
		SolutionGuid = {E368D7F7-1C5B-4ABD-8902-1B5892BA90C4}
	EndGlobalSection
EndGlobal
